
Microsoft Visual Studio Solution File, Format Version 12.00
# Visual Studio 2012
Project("{FAE04EC0-301F-11D3-BF4B-00C04F79EFBC}") = "DateTimeGenerator", "DateTimeGenerator\DateTimeGenerator.csproj", "{2643A12B-F6B3-4B02-8CD6-6DDE6D1E03AD}"
EndProject
Global
	GlobalSection(SolutionConfigurationPlatforms) = preSolution
		Debug|Any CPU = Debug|Any CPU
		Release|Any CPU = Release|Any CPU
	EndGlobalSection
	GlobalSection(ProjectConfigurationPlatforms) = postSolution
		{2643A12B-F6B3-4B02-8CD6-6DDE6D1E03AD}.Debug|Any CPU.ActiveCfg = Debug|Any CPU
		{2643A12B-F6B3-4B02-8CD6-6DDE6D1E03AD}.Debug|Any CPU.Build.0 = Debug|Any CPU
		{2643A12B-F6B3-4B02-8CD6-6DDE6D1E03AD}.Release|Any CPU.ActiveCfg = Release|Any CPU
		{2643A12B-F6B3-4B02-8CD6-6DDE6D1E03AD}.Release|Any CPU.Build.0 = Release|Any CPU
	EndGlobalSection
	GlobalSection(SolutionProperties) = preSolution
		HideSolutionNode = FALSE
	EndGlobalSection
EndGlobal
